
Microsoft Visual Studio Solution File, Format Version 12.00
# Visual Studio Version 16
VisualStudioVersion = 16.0.31729.503
MinimumVisualStudioVersion = 10.0.40219.1
Project("{9A19103F-16F7-4668-BE54-9A1E7A4F7556}") = "Riode.Resources", "Riode.Resources\Riode.Resources.csproj", "{B24E418C-A715-4031-BC57-80E588110257}"
EndProject
Project("{9A19103F-16F7-4668-BE54-9A1E7A4F7556}") = "Riode.Domain", "Riode.Domain\Riode.Domain.csproj", "{114ADAFF-99C3-4343-ABB2-9BEE349FECFF}"
EndProject
Project("{9A19103F-16F7-4668-BE54-9A1E7A4F7556}") = "Riode.Application", "Riode.Application\Riode.Application.csproj", "{F77A4B51-D4AE-4FC3-A6D5-F7719BEDF985}"
EndProject
Project("{9A19103F-16F7-4668-BE54-9A1E7A4F7556}") = "Riode.WebUI", "Riode.WebUI\Riode.WebUI.csproj", "{A47E94F9-85E9-48F0-A28F-38C141698F73}"
EndProject
Project("{9A19103F-16F7-4668-BE54-9A1E7A4F7556}") = "Riode.WebApi", "Riode.WebApi\Riode.WebApi.csproj", "{BDAEE40F-C1F9-4986-AF60-331214DAD398}"
EndProject
Global
	GlobalSection(SolutionConfigurationPlatforms) = preSolution
		Debug|Any CPU = Debug|Any CPU
		Release|Any CPU = Release|Any CPU
	EndGlobalSection
	GlobalSection(ProjectConfigurationPlatforms) = postSolution
		{B24E418C-A715-4031-BC57-80E588110257}.Debug|Any CPU.ActiveCfg = Debug|Any CPU
		{B24E418C-A715-4031-BC57-80E588110257}.Debug|Any CPU.Build.0 = Debug|Any CPU
		{B24E418C-A715-4031-BC57-80E588110257}.Release|Any CPU.ActiveCfg = Release|Any CPU
		{B24E418C-A715-4031-BC57-80E588110257}.Release|Any CPU.Build.0 = Release|Any CPU
		{114ADAFF-99C3-4343-ABB2-9BEE349FECFF}.Debug|Any CPU.ActiveCfg = Debug|Any CPU
		{114ADAFF-99C3-4343-ABB2-9BEE349FECFF}.Debug|Any CPU.Build.0 = Debug|Any CPU
		{114ADAFF-99C3-4343-ABB2-9BEE349FECFF}.Release|Any CPU.ActiveCfg = Release|Any CPU
		{114ADAFF-99C3-4343-ABB2-9BEE349FECFF}.Release|Any CPU.Build.0 = Release|Any CPU
		{F77A4B51-D4AE-4FC3-A6D5-F7719BEDF985}.Debug|Any CPU.ActiveCfg = Debug|Any CPU
		{F77A4B51-D4AE-4FC3-A6D5-F7719BEDF985}.Debug|Any CPU.Build.0 = Debug|Any CPU
		{F77A4B51-D4AE-4FC3-A6D5-F7719BEDF985}.Release|Any CPU.ActiveCfg = Release|Any CPU
		{F77A4B51-D4AE-4FC3-A6D5-F7719BEDF985}.Release|Any CPU.Build.0 = Release|Any CPU
		{A47E94F9-85E9-48F0-A28F-38C141698F73}.Debug|Any CPU.ActiveCfg = Debug|Any CPU
		{A47E94F9-85E9-48F0-A28F-38C141698F73}.Debug|Any CPU.Build.0 = Debug|Any CPU
		{A47E94F9-85E9-48F0-A28F-38C141698F73}.Release|Any CPU.ActiveCfg = Release|Any CPU
		{A47E94F9-85E9-48F0-A28F-38C141698F73}.Release|Any CPU.Build.0 = Release|Any CPU
		{BDAEE40F-C1F9-4986-AF60-331214DAD398}.Debug|Any CPU.ActiveCfg = Debug|Any CPU
		{BDAEE40F-C1F9-4986-AF60-331214DAD398}.Debug|Any CPU.Build.0 = Debug|Any CPU
		{BDAEE40F-C1F9-4986-AF60-331214DAD398}.Release|Any CPU.ActiveCfg = Release|Any CPU
		{BDAEE40F-C1F9-4986-AF60-331214DAD398}.Release|Any CPU.Build.0 = Release|Any CPU
	EndGlobalSection
	GlobalSection(SolutionProperties) = preSolution
		HideSolutionNode = FALSE
	EndGlobalSection
	GlobalSection(ExtensibilityGlobals) = postSolution
		SolutionGuid = {3A5F08D4-A138-4B3D-B5FD-8D033D708334}
	EndGlobalSection
EndGlobal
